// !$*UTF8*$!
{
	archiveVersion = 1;
	classes = {
	};
	objectVersion = 50;
	objects = {

/* Begin PBXBuildFile section */
		AE09B4D4262FB2EB0065F9FF /* ChoseCookingTimeViewController.swift in Sources */ = {isa = PBXBuildFile; fileRef = AE09B4D3262FB2EB0065F9FF /* ChoseCookingTimeViewController.swift */; };
		AE09B4D7262FC35A0065F9FF /* ChoseNumberOfServingsViewController.swift in Sources */ = {isa = PBXBuildFile; fileRef = AE09B4D6262FC3590065F9FF /* ChoseNumberOfServingsViewController.swift */; };
		AE09B4DA262FC5EE0065F9FF /* ChoseIngredientsViewController.swift in Sources */ = {isa = PBXBuildFile; fileRef = AE09B4D9262FC5EE0065F9FF /* ChoseIngredientsViewController.swift */; };
		AE09B4E1262FCC880065F9FF /* ConfigureMealPlan.swift in Sources */ = {isa = PBXBuildFile; fileRef = AE09B4E0262FCC880065F9FF /* ConfigureMealPlan.swift */; };
		AE09B4E4262FD8C70065F9FF /* ChoseCookingLevelViewController.swift in Sources */ = {isa = PBXBuildFile; fileRef = AE09B4E3262FD8C70065F9FF /* ChoseCookingLevelViewController.swift */; };
		AE09B4E92630B3270065F9FF /* IngredientModel.swift in Sources */ = {isa = PBXBuildFile; fileRef = AE09B4E82630B3270065F9FF /* IngredientModel.swift */; };
		AE1F46B52628AAB000B41A18 /* RecipeViewController.swift in Sources */ = {isa = PBXBuildFile; fileRef = AE1F46B42628AAB000B41A18 /* RecipeViewController.swift */; };
		AE1F46B8262B242A00B41A18 /* MyMealPlanViewController.swift in Sources */ = {isa = PBXBuildFile; fileRef = AE1F46B7262B242900B41A18 /* MyMealPlanViewController.swift */; };
		AE1F46BB262B2DAA00B41A18 /* CreateMealPlanViewController.swift in Sources */ = {isa = PBXBuildFile; fileRef = AE1F46BA262B2DA900B41A18 /* CreateMealPlanViewController.swift */; };
		AE2264EB2631CF9A007B4B71 /* CombinationsData.swift in Sources */ = {isa = PBXBuildFile; fileRef = AE2264EA2631CF99007B4B71 /* CombinationsData.swift */; };
		AE7193472630D3F90064D59E /* SelectMealPlans.swift in Sources */ = {isa = PBXBuildFile; fileRef = AE7193462630D3F90064D59E /* SelectMealPlans.swift */; };
		AE71934A2630E1F70064D59E /* SelectedMealPlansViewController.swift in Sources */ = {isa = PBXBuildFile; fileRef = AE7193492630E1F70064D59E /* SelectedMealPlansViewController.swift */; };
		AE7C729426264D2F00889E2A /* AppDelegate.swift in Sources */ = {isa = PBXBuildFile; fileRef = AE7C729326264D2F00889E2A /* AppDelegate.swift */; };
		AE7C729626264D2F00889E2A /* SceneDelegate.swift in Sources */ = {isa = PBXBuildFile; fileRef = AE7C729526264D2F00889E2A /* SceneDelegate.swift */; };
		AE7C729826264D2F00889E2A /* ViewController.swift in Sources */ = {isa = PBXBuildFile; fileRef = AE7C729726264D2F00889E2A /* ViewController.swift */; };
		AE7C729B26264D2F00889E2A /* Main.storyboard in Resources */ = {isa = PBXBuildFile; fileRef = AE7C729926264D2F00889E2A /* Main.storyboard */; };
		AE7C729D26264D3400889E2A /* Assets.xcassets in Resources */ = {isa = PBXBuildFile; fileRef = AE7C729C26264D3400889E2A /* Assets.xcassets */; };
		AE7C72A026264D3400889E2A /* LaunchScreen.storyboard in Resources */ = {isa = PBXBuildFile; fileRef = AE7C729E26264D3400889E2A /* LaunchScreen.storyboard */; };
		AE7C72AD262716AB00889E2A /* Recipe.swift in Sources */ = {isa = PBXBuildFile; fileRef = AE7C72AC262716AB00889E2A /* Recipe.swift */; };
		AE7C72B026271FE600889E2A /* Ingredient.swift in Sources */ = {isa = PBXBuildFile; fileRef = AE7C72AF26271FE600889E2A /* Ingredient.swift */; };
		AE7C72B42627239600889E2A /* RecipesData.swift in Sources */ = {isa = PBXBuildFile; fileRef = AE7C72B32627239600889E2A /* RecipesData.swift */; };
		AE7C72B72627997700889E2A /* Constants.swift in Sources */ = {isa = PBXBuildFile; fileRef = AE7C72B62627997600889E2A /* Constants.swift */; };
		AE7C72BB2627B23700889E2A /* RecipesViewController.swift in Sources */ = {isa = PBXBuildFile; fileRef = AE7C72BA2627B23700889E2A /* RecipesViewController.swift */; };
		AE7C72BF2627B37500889E2A /* RecipeCell.swift in Sources */ = {isa = PBXBuildFile; fileRef = AE7C72BD2627B37500889E2A /* RecipeCell.swift */; };
		AE7C72C02627B37500889E2A /* RecipeCell.xib in Resources */ = {isa = PBXBuildFile; fileRef = AE7C72BE2627B37500889E2A /* RecipeCell.xib */; };
/* End PBXBuildFile section */

/* Begin PBXFileReference section */
		AE09B4D3262FB2EB0065F9FF /* ChoseCookingTimeViewController.swift */ = {isa = PBXFileReference; lastKnownFileType = sourcecode.swift; path = ChoseCookingTimeViewController.swift; sourceTree = "<group>"; };
		AE09B4D6262FC3590065F9FF /* ChoseNumberOfServingsViewController.swift */ = {isa = PBXFileReference; lastKnownFileType = sourcecode.swift; path = ChoseNumberOfServingsViewController.swift; sourceTree = "<group>"; };
		AE09B4D9262FC5EE0065F9FF /* ChoseIngredientsViewController.swift */ = {isa = PBXFileReference; lastKnownFileType = sourcecode.swift; path = ChoseIngredientsViewController.swift; sourceTree = "<group>"; };
		AE09B4E0262FCC880065F9FF /* ConfigureMealPlan.swift */ = {isa = PBXFileReference; lastKnownFileType = sourcecode.swift; path = ConfigureMealPlan.swift; sourceTree = "<group>"; };
		AE09B4E3262FD8C70065F9FF /* ChoseCookingLevelViewController.swift */ = {isa = PBXFileReference; lastKnownFileType = sourcecode.swift; path = ChoseCookingLevelViewController.swift; sourceTree = "<group>"; };
		AE09B4E82630B3270065F9FF /* IngredientModel.swift */ = {isa = PBXFileReference; lastKnownFileType = sourcecode.swift; path = IngredientModel.swift; sourceTree = "<group>"; };
		AE1F46B42628AAB000B41A18 /* RecipeViewController.swift */ = {isa = PBXFileReference; lastKnownFileType = sourcecode.swift; path = RecipeViewController.swift; sourceTree = "<group>"; };
		AE1F46B7262B242900B41A18 /* MyMealPlanViewController.swift */ = {isa = PBXFileReference; lastKnownFileType = sourcecode.swift; path = MyMealPlanViewController.swift; sourceTree = "<group>"; };
		AE1F46BA262B2DA900B41A18 /* CreateMealPlanViewController.swift */ = {isa = PBXFileReference; lastKnownFileType = sourcecode.swift; path = CreateMealPlanViewController.swift; sourceTree = "<group>"; };
		AE2264EA2631CF99007B4B71 /* CombinationsData.swift */ = {isa = PBXFileReference; lastKnownFileType = sourcecode.swift; path = CombinationsData.swift; sourceTree = "<group>"; };
		AE7193462630D3F90064D59E /* SelectMealPlans.swift */ = {isa = PBXFileReference; lastKnownFileType = sourcecode.swift; path = SelectMealPlans.swift; sourceTree = "<group>"; };
		AE7193492630E1F70064D59E /* SelectedMealPlansViewController.swift */ = {isa = PBXFileReference; lastKnownFileType = sourcecode.swift; path = SelectedMealPlansViewController.swift; sourceTree = "<group>"; };
		AE7C729026264D2F00889E2A /* CookSmart.app */ = {isa = PBXFileReference; explicitFileType = wrapper.application; includeInIndex = 0; path = CookSmart.app; sourceTree = BUILT_PRODUCTS_DIR; };
		AE7C729326264D2F00889E2A /* AppDelegate.swift */ = {isa = PBXFileReference; lastKnownFileType = sourcecode.swift; path = AppDelegate.swift; sourceTree = "<group>"; };
		AE7C729526264D2F00889E2A /* SceneDelegate.swift */ = {isa = PBXFileReference; lastKnownFileType = sourcecode.swift; path = SceneDelegate.swift; sourceTree = "<group>"; };
		AE7C729726264D2F00889E2A /* ViewController.swift */ = {isa = PBXFileReference; lastKnownFileType = sourcecode.swift; path = ViewController.swift; sourceTree = "<group>"; };
		AE7C729A26264D2F00889E2A /* Base */ = {isa = PBXFileReference; lastKnownFileType = file.storyboard; name = Base; path = Base.lproj/Main.storyboard; sourceTree = "<group>"; };
		AE7C729C26264D3400889E2A /* Assets.xcassets */ = {isa = PBXFileReference; lastKnownFileType = folder.assetcatalog; path = Assets.xcassets; sourceTree = "<group>"; };
		AE7C729F26264D3400889E2A /* Base */ = {isa = PBXFileReference; lastKnownFileType = file.storyboard; name = Base; path = Base.lproj/LaunchScreen.storyboard; sourceTree = "<group>"; };
		AE7C72A126264D3400889E2A /* Info.plist */ = {isa = PBXFileReference; lastKnownFileType = text.plist.xml; path = Info.plist; sourceTree = "<group>"; };
		AE7C72AC262716AB00889E2A /* Recipe.swift */ = {isa = PBXFileReference; lastKnownFileType = sourcecode.swift; path = Recipe.swift; sourceTree = "<group>"; };
		AE7C72AF26271FE600889E2A /* Ingredient.swift */ = {isa = PBXFileReference; lastKnownFileType = sourcecode.swift; path = Ingredient.swift; sourceTree = "<group>"; };
		AE7C72B32627239600889E2A /* RecipesData.swift */ = {isa = PBXFileReference; lastKnownFileType = sourcecode.swift; path = RecipesData.swift; sourceTree = "<group>"; };
		AE7C72B62627997600889E2A /* Constants.swift */ = {isa = PBXFileReference; lastKnownFileType = sourcecode.swift; path = Constants.swift; sourceTree = "<group>"; };
		AE7C72BA2627B23700889E2A /* RecipesViewController.swift */ = {isa = PBXFileReference; lastKnownFileType = sourcecode.swift; path = RecipesViewController.swift; sourceTree = "<group>"; };
		AE7C72BD2627B37500889E2A /* RecipeCell.swift */ = {isa = PBXFileReference; lastKnownFileType = sourcecode.swift; path = RecipeCell.swift; sourceTree = "<group>"; };
		AE7C72BE2627B37500889E2A /* RecipeCell.xib */ = {isa = PBXFileReference; lastKnownFileType = file.xib; path = RecipeCell.xib; sourceTree = "<group>"; };
/* End PBXFileReference section */

/* Begin PBXFrameworksBuildPhase section */
		AE7C728D26264D2F00889E2A /* Frameworks */ = {
			isa = PBXFrameworksBuildPhase;
			buildActionMask = 2147483647;
			files = (
			);
			runOnlyForDeploymentPostprocessing = 0;
		};
/* End PBXFrameworksBuildPhase section */

/* Begin PBXGroup section */
		AE7C728726264D2F00889E2A = {
			isa = PBXGroup;
			children = (
				AE7C729226264D2F00889E2A /* CookSmart */,
				AE7C729126264D2F00889E2A /* Products */,
			);
			sourceTree = "<group>";
		};
		AE7C729126264D2F00889E2A /* Products */ = {
			isa = PBXGroup;
			children = (
				AE7C729026264D2F00889E2A /* CookSmart.app */,
			);
			name = Products;
			sourceTree = "<group>";
		};
		AE7C729226264D2F00889E2A /* CookSmart */ = {
			isa = PBXGroup;
			children = (
				AE7C729326264D2F00889E2A /* AppDelegate.swift */,
				AE7C729526264D2F00889E2A /* SceneDelegate.swift */,
				AE7C72A82626535900889E2A /* Models */,
				AE7C72A92626536000889E2A /* Views */,
				AE7C72AA2626537900889E2A /* Controllers */,
				AE7C72B62627997600889E2A /* Constants.swift */,
				AE7C729C26264D3400889E2A /* Assets.xcassets */,
				AE7C729E26264D3400889E2A /* LaunchScreen.storyboard */,
				AE7C72A126264D3400889E2A /* Info.plist */,
			);
			path = CookSmart;
			sourceTree = "<group>";
		};
		AE7C72A82626535900889E2A /* Models */ = {
			isa = PBXGroup;
			children = (
				AE7C72AC262716AB00889E2A /* Recipe.swift */,
				AE7C72AF26271FE600889E2A /* Ingredient.swift */,
				AE7C72B32627239600889E2A /* RecipesData.swift */,
				AE09B4E0262FCC880065F9FF /* ConfigureMealPlan.swift */,
				AE09B4E82630B3270065F9FF /* IngredientModel.swift */,
				AE7193462630D3F90064D59E /* SelectMealPlans.swift */,
				AE2264EA2631CF99007B4B71 /* CombinationsData.swift */,
			);
			path = Models;
			sourceTree = "<group>";
		};
		AE7C72A92626536000889E2A /* Views */ = {
			isa = PBXGroup;
			children = (
				AE7C729926264D2F00889E2A /* Main.storyboard */,
				AE7C72BD2627B37500889E2A /* RecipeCell.swift */,
				AE7C72BE2627B37500889E2A /* RecipeCell.xib */,
			);
			path = Views;
			sourceTree = "<group>";
		};
		AE7C72AA2626537900889E2A /* Controllers */ = {
			isa = PBXGroup;
			children = (
				AE7C729726264D2F00889E2A /* ViewController.swift */,
				AE7C72BA2627B23700889E2A /* RecipesViewController.swift */,
				AE1F46B42628AAB000B41A18 /* RecipeViewController.swift */,
				AE1F46B7262B242900B41A18 /* MyMealPlanViewController.swift */,
				AE1F46BA262B2DA900B41A18 /* CreateMealPlanViewController.swift */,
				AE09B4D3262FB2EB0065F9FF /* ChoseCookingTimeViewController.swift */,
				AE09B4E3262FD8C70065F9FF /* ChoseCookingLevelViewController.swift */,
				AE09B4D6262FC3590065F9FF /* ChoseNumberOfServingsViewController.swift */,
				AE09B4D9262FC5EE0065F9FF /* ChoseIngredientsViewController.swift */,
				AE7193492630E1F70064D59E /* SelectedMealPlansViewController.swift */,
			);
			path = Controllers;
			sourceTree = "<group>";
		};
/* End PBXGroup section */

/* Begin PBXNativeTarget section */
		AE7C728F26264D2F00889E2A /* CookSmart */ = {
			isa = PBXNativeTarget;
			buildConfigurationList = AE7C72A426264D3400889E2A /* Build configuration list for PBXNativeTarget "CookSmart" */;
			buildPhases = (
				AE7C728C26264D2F00889E2A /* Sources */,
				AE7C728D26264D2F00889E2A /* Frameworks */,
				AE7C728E26264D2F00889E2A /* Resources */,
			);
			buildRules = (
			);
			dependencies = (
			);
			name = CookSmart;
			productName = CookSmart;
			productReference = AE7C729026264D2F00889E2A /* CookSmart.app */;
			productType = "com.apple.product-type.application";
		};
/* End PBXNativeTarget section */

/* Begin PBXProject section */
		AE7C728826264D2F00889E2A /* Project object */ = {
			isa = PBXProject;
			attributes = {
				LastSwiftUpdateCheck = 1240;
				LastUpgradeCheck = 1240;
				TargetAttributes = {
					AE7C728F26264D2F00889E2A = {
						CreatedOnToolsVersion = 12.4;
					};
				};
			};
			buildConfigurationList = AE7C728B26264D2F00889E2A /* Build configuration list for PBXProject "CookSmart" */;
			compatibilityVersion = "Xcode 9.3";
			developmentRegion = en;
			hasScannedForEncodings = 0;
			knownRegions = (
				en,
				Base,
			);
			mainGroup = AE7C728726264D2F00889E2A;
			productRefGroup = AE7C729126264D2F00889E2A /* Products */;
			projectDirPath = "";
			projectRoot = "";
			targets = (
				AE7C728F26264D2F00889E2A /* CookSmart */,
			);
		};
/* End PBXProject section */

/* Begin PBXResourcesBuildPhase section */
		AE7C728E26264D2F00889E2A /* Resources */ = {
			isa = PBXResourcesBuildPhase;
			buildActionMask = 2147483647;
			files = (
				AE7C72A026264D3400889E2A /* LaunchScreen.storyboard in Resources */,
				AE7C729D26264D3400889E2A /* Assets.xcassets in Resources */,
				AE7C729B26264D2F00889E2A /* Main.storyboard in Resources */,
				AE7C72C02627B37500889E2A /* RecipeCell.xib in Resources */,
			);
			runOnlyForDeploymentPostprocessing = 0;
		};
/* End PBXResourcesBuildPhase section */

/* Begin PBXSourcesBuildPhase section */
		AE7C728C26264D2F00889E2A /* Sources */ = {
			isa = PBXSourcesBuildPhase;
			buildActionMask = 2147483647;
			files = (
				AE7C72BB2627B23700889E2A /* RecipesViewController.swift in Sources */,
				AE09B4D4262FB2EB0065F9FF /* ChoseCookingTimeViewController.swift in Sources */,
				AE7C729826264D2F00889E2A /* ViewController.swift in Sources */,
				AE7C72B42627239600889E2A /* RecipesData.swift in Sources */,
				AE7C72BF2627B37500889E2A /* RecipeCell.swift in Sources */,
				AE7193472630D3F90064D59E /* SelectMealPlans.swift in Sources */,
				AE09B4E4262FD8C70065F9FF /* ChoseCookingLevelViewController.swift in Sources */,
				AE1F46B52628AAB000B41A18 /* RecipeViewController.swift in Sources */,
				AE7C729426264D2F00889E2A /* AppDelegate.swift in Sources */,
				AE09B4DA262FC5EE0065F9FF /* ChoseIngredientsViewController.swift in Sources */,
				AE1F46BB262B2DAA00B41A18 /* CreateMealPlanViewController.swift in Sources */,
				AE09B4D7262FC35A0065F9FF /* ChoseNumberOfServingsViewController.swift in Sources */,
				AE7C72B026271FE600889E2A /* Ingredient.swift in Sources */,
				AE2264EB2631CF9A007B4B71 /* CombinationsData.swift in Sources */,
				AE7C72B72627997700889E2A /* Constants.swift in Sources */,
				AE1F46B8262B242A00B41A18 /* MyMealPlanViewController.swift in Sources */,
				AE09B4E92630B3270065F9FF /* IngredientModel.swift in Sources */,
				AE7C729626264D2F00889E2A /* SceneDelegate.swift in Sources */,
				AE71934A2630E1F70064D59E /* SelectedMealPlansViewController.swift in Sources */,
				AE09B4E1262FCC880065F9FF /* ConfigureMealPlan.swift in Sources */,
				AE7C72AD262716AB00889E2A /* Recipe.swift in Sources */,
			);
			runOnlyForDeploymentPostprocessing = 0;
		};
/* End PBXSourcesBuildPhase section */

/* Begin PBXVariantGroup section */
		AE7C729926264D2F00889E2A /* Main.storyboard */ = {
			isa = PBXVariantGroup;
			children = (
				AE7C729A26264D2F00889E2A /* Base */,
			);
			name = Main.storyboard;
			sourceTree = "<group>";
		};
		AE7C729E26264D3400889E2A /* LaunchScreen.storyboard */ = {
			isa = PBXVariantGroup;
			children = (
				AE7C729F26264D3400889E2A /* Base */,
			);
			name = LaunchScreen.storyboard;
			sourceTree = "<group>";
		};
/* End PBXVariantGroup section */

/* Begin XCBuildConfiguration section */
		AE7C72A226264D3400889E2A /* Debug */ = {
			isa = XCBuildConfiguration;
			buildSettings = {
				ALWAYS_SEARCH_USER_PATHS = NO;
				CLANG_ANALYZER_NONNULL = YES;
				CLANG_ANALYZER_NUMBER_OBJECT_CONVERSION = YES_AGGRESSIVE;
				CLANG_CXX_LANGUAGE_STANDARD = "gnu++14";
				CLANG_CXX_LIBRARY = "libc++";
				CLANG_ENABLE_MODULES = YES;
				CLANG_ENABLE_OBJC_ARC = YES;
				CLANG_ENABLE_OBJC_WEAK = YES;
				CLANG_WARN_BLOCK_CAPTURE_AUTORELEASING = YES;
				CLANG_WARN_BOOL_CONVERSION = YES;
				CLANG_WARN_COMMA = YES;
				CLANG_WARN_CONSTANT_CONVERSION = YES;
				CLANG_WARN_DEPRECATED_OBJC_IMPLEMENTATIONS = YES;
				CLANG_WARN_DIRECT_OBJC_ISA_USAGE = YES_ERROR;
				CLANG_WARN_DOCUMENTATION_COMMENTS = YES;
				CLANG_WARN_EMPTY_BODY = YES;
				CLANG_WARN_ENUM_CONVERSION = YES;
				CLANG_WARN_INFINITE_RECURSION = YES;
				CLANG_WARN_INT_CONVERSION = YES;
				CLANG_WARN_NON_LITERAL_NULL_CONVERSION = YES;
				CLANG_WARN_OBJC_IMPLICIT_RETAIN_SELF = YES;
				CLANG_WARN_OBJC_LITERAL_CONVERSION = YES;
				CLANG_WARN_OBJC_ROOT_CLASS = YES_ERROR;
				CLANG_WARN_QUOTED_INCLUDE_IN_FRAMEWORK_HEADER = YES;
				CLANG_WARN_RANGE_LOOP_ANALYSIS = YES;
				CLANG_WARN_STRICT_PROTOTYPES = YES;
				CLANG_WARN_SUSPICIOUS_MOVE = YES;
				CLANG_WARN_UNGUARDED_AVAILABILITY = YES_AGGRESSIVE;
				CLANG_WARN_UNREACHABLE_CODE = YES;
				CLANG_WARN__DUPLICATE_METHOD_MATCH = YES;
				COPY_PHASE_STRIP = NO;
				DEBUG_INFORMATION_FORMAT = dwarf;
				ENABLE_STRICT_OBJC_MSGSEND = YES;
				ENABLE_TESTABILITY = YES;
				GCC_C_LANGUAGE_STANDARD = gnu11;
				GCC_DYNAMIC_NO_PIC = NO;
				GCC_NO_COMMON_BLOCKS = YES;
				GCC_OPTIMIZATION_LEVEL = 0;
				GCC_PREPROCESSOR_DEFINITIONS = (
					"DEBUG=1",
					"$(inherited)",
				);
				GCC_WARN_64_TO_32_BIT_CONVERSION = YES;
				GCC_WARN_ABOUT_RETURN_TYPE = YES_ERROR;
				GCC_WARN_UNDECLARED_SELECTOR = YES;
				GCC_WARN_UNINITIALIZED_AUTOS = YES_AGGRESSIVE;
				GCC_WARN_UNUSED_FUNCTION = YES;
				GCC_WARN_UNUSED_VARIABLE = YES;
				IPHONEOS_DEPLOYMENT_TARGET = 14.4;
				MTL_ENABLE_DEBUG_INFO = INCLUDE_SOURCE;
				MTL_FAST_MATH = YES;
				ONLY_ACTIVE_ARCH = YES;
				SDKROOT = iphoneos;
				SWIFT_ACTIVE_COMPILATION_CONDITIONS = DEBUG;
				SWIFT_OPTIMIZATION_LEVEL = "-Onone";
			};
			name = Debug;
		};
		AE7C72A326264D3400889E2A /* Release */ = {
			isa = XCBuildConfiguration;
			buildSettings = {
				ALWAYS_SEARCH_USER_PATHS = NO;
				CLANG_ANALYZER_NONNULL = YES;
				CLANG_ANALYZER_NUMBER_OBJECT_CONVERSION = YES_AGGRESSIVE;
				CLANG_CXX_LANGUAGE_STANDARD = "gnu++14";
				CLANG_CXX_LIBRARY = "libc++";
				CLANG_ENABLE_MODULES = YES;
				CLANG_ENABLE_OBJC_ARC = YES;
				CLANG_ENABLE_OBJC_WEAK = YES;
				CLANG_WARN_BLOCK_CAPTURE_AUTORELEASING = YES;
				CLANG_WARN_BOOL_CONVERSION = YES;
				CLANG_WARN_COMMA = YES;
				CLANG_WARN_CONSTANT_CONVERSION = YES;
				CLANG_WARN_DEPRECATED_OBJC_IMPLEMENTATIONS = YES;
				CLANG_WARN_DIRECT_OBJC_ISA_USAGE = YES_ERROR;
				CLANG_WARN_DOCUMENTATION_COMMENTS = YES;
				CLANG_WARN_EMPTY_BODY = YES;
				CLANG_WARN_ENUM_CONVERSION = YES;
				CLANG_WARN_INFINITE_RECURSION = YES;
				CLANG_WARN_INT_CONVERSION = YES;
				CLANG_WARN_NON_LITERAL_NULL_CONVERSION = YES;
				CLANG_WARN_OBJC_IMPLICIT_RETAIN_SELF = YES;
				CLANG_WARN_OBJC_LITERAL_CONVERSION = YES;
				CLANG_WARN_OBJC_ROOT_CLASS = YES_ERROR;
				CLANG_WARN_QUOTED_INCLUDE_IN_FRAMEWORK_HEADER = YES;
				CLANG_WARN_RANGE_LOOP_ANALYSIS = YES;
				CLANG_WARN_STRICT_PROTOTYPES = YES;
				CLANG_WARN_SUSPICIOUS_MOVE = YES;
				CLANG_WARN_UNGUARDED_AVAILABILITY = YES_AGGRESSIVE;
				CLANG_WARN_UNREACHABLE_CODE = YES;
				CLANG_WARN__DUPLICATE_METHOD_MATCH = YES;
				COPY_PHASE_STRIP = NO;
				DEBUG_INFORMATION_FORMAT = "dwarf-with-dsym";
				ENABLE_NS_ASSERTIONS = NO;
				ENABLE_STRICT_OBJC_MSGSEND = YES;
				GCC_C_LANGUAGE_STANDARD = gnu11;
				GCC_NO_COMMON_BLOCKS = YES;
				GCC_WARN_64_TO_32_BIT_CONVERSION = YES;
				GCC_WARN_ABOUT_RETURN_TYPE = YES_ERROR;
				GCC_WARN_UNDECLARED_SELECTOR = YES;
				GCC_WARN_UNINITIALIZED_AUTOS = YES_AGGRESSIVE;
				GCC_WARN_UNUSED_FUNCTION = YES;
				GCC_WARN_UNUSED_VARIABLE = YES;
				IPHONEOS_DEPLOYMENT_TARGET = 14.4;
				MTL_ENABLE_DEBUG_INFO = NO;
				MTL_FAST_MATH = YES;
				SDKROOT = iphoneos;
				SWIFT_COMPILATION_MODE = wholemodule;
				SWIFT_OPTIMIZATION_LEVEL = "-O";
				VALIDATE_PRODUCT = YES;
			};
			name = Release;
		};
		AE7C72A526264D3400889E2A /* Debug */ = {
			isa = XCBuildConfiguration;
			buildSettings = {
				ASSETCATALOG_COMPILER_APPICON_NAME = AppIcon;
				ASSETCATALOG_COMPILER_GLOBAL_ACCENT_COLOR_NAME = AccentColor;
				CODE_SIGN_STYLE = Automatic;
				INFOPLIST_FILE = CookSmart/Info.plist;
				LD_RUNPATH_SEARCH_PATHS = (
					"$(inherited)",
					"@executable_path/Frameworks",
				);
				PRODUCT_BUNDLE_IDENTIFIER = com.piotrobara.CookSmart;
				PRODUCT_NAME = "$(TARGET_NAME)";
				SWIFT_VERSION = 5.0;
				TARGETED_DEVICE_FAMILY = "1,2";
			};
			name = Debug;
		};
		AE7C72A626264D3400889E2A /* Release */ = {
			isa = XCBuildConfiguration;
			buildSettings = {
				ASSETCATALOG_COMPILER_APPICON_NAME = AppIcon;
				ASSETCATALOG_COMPILER_GLOBAL_ACCENT_COLOR_NAME = AccentColor;
				CODE_SIGN_STYLE = Automatic;
				INFOPLIST_FILE = CookSmart/Info.plist;
				LD_RUNPATH_SEARCH_PATHS = (
					"$(inherited)",
					"@executable_path/Frameworks",
				);
				PRODUCT_BUNDLE_IDENTIFIER = com.piotrobara.CookSmart;
				PRODUCT_NAME = "$(TARGET_NAME)";
				SWIFT_VERSION = 5.0;
				TARGETED_DEVICE_FAMILY = "1,2";
			};
			name = Release;
		};
/* End XCBuildConfiguration section */

/* Begin XCConfigurationList section */
		AE7C728B26264D2F00889E2A /* Build configuration list for PBXProject "CookSmart" */ = {
			isa = XCConfigurationList;
			buildConfigurations = (
				AE7C72A226264D3400889E2A /* Debug */,
				AE7C72A326264D3400889E2A /* Release */,
			);
			defaultConfigurationIsVisible = 0;
			defaultConfigurationName = Release;
		};
		AE7C72A426264D3400889E2A /* Build configuration list for PBXNativeTarget "CookSmart" */ = {
			isa = XCConfigurationList;
			buildConfigurations = (
				AE7C72A526264D3400889E2A /* Debug */,
				AE7C72A626264D3400889E2A /* Release */,
			);
			defaultConfigurationIsVisible = 0;
			defaultConfigurationName = Release;
		};
/* End XCConfigurationList section */
	};
	rootObject = AE7C728826264D2F00889E2A /* Project object */;
}
