// !$*UTF8*$!
{
	archiveVersion = 1;
	classes = {
	};
	objectVersion = 51;
	objects = {

/* Begin PBXBuildFile section */
		AE09B4E1262FCC880065F9FF /* ConfigureMealPlan.swift in Sources */ = {isa = PBXBuildFile; fileRef = AE09B4E0262FCC880065F9FF /* ConfigureMealPlan.swift */; };
		AE13E1C7281D8B6E00485A0A /* SignInViewController.swift in Sources */ = {isa = PBXBuildFile; fileRef = AE13E1C6281D8B6E00485A0A /* SignInViewController.swift */; };
		AE13E1CA281D938800485A0A /* NetworkService.swift in Sources */ = {isa = PBXBuildFile; fileRef = AE13E1C9281D938800485A0A /* NetworkService.swift */; };
		AE2264EB2631CF9A007B4B71 /* CombinationsData.swift in Sources */ = {isa = PBXBuildFile; fileRef = AE2264EA2631CF99007B4B71 /* CombinationsData.swift */; };
		AE2264F1263234F7007B4B71 /* MealPlanCell.swift in Sources */ = {isa = PBXBuildFile; fileRef = AE2264EF263234F7007B4B71 /* MealPlanCell.swift */; };
		AE2264F2263234F7007B4B71 /* MealPlanCell.xib in Resources */ = {isa = PBXBuildFile; fileRef = AE2264F0263234F7007B4B71 /* MealPlanCell.xib */; };
		AE2264F926329946007B4B71 /* SavedMealPlanCell.swift in Sources */ = {isa = PBXBuildFile; fileRef = AE2264F726329945007B4B71 /* SavedMealPlanCell.swift */; };
		AE2264FA26329946007B4B71 /* SavedMealPlanCell.xib in Resources */ = {isa = PBXBuildFile; fileRef = AE2264F826329945007B4B71 /* SavedMealPlanCell.xib */; };
		AE22650526338842007B4B71 /* MealCell.swift in Sources */ = {isa = PBXBuildFile; fileRef = AE22650326338842007B4B71 /* MealCell.swift */; };
		AE22650626338842007B4B71 /* MealCell.xib in Resources */ = {isa = PBXBuildFile; fileRef = AE22650426338842007B4B71 /* MealCell.xib */; };
		AE22650D26345A73007B4B71 /* NewspaperCell.swift in Sources */ = {isa = PBXBuildFile; fileRef = AE22650B26345A72007B4B71 /* NewspaperCell.swift */; };
		AE22650E26345A73007B4B71 /* NewspaperCell.xib in Resources */ = {isa = PBXBuildFile; fileRef = AE22650C26345A72007B4B71 /* NewspaperCell.xib */; };
		AE22651126345F5A007B4B71 /* NewspaperViewController.swift in Sources */ = {isa = PBXBuildFile; fileRef = AE22651026345F5A007B4B71 /* NewspaperViewController.swift */; };
		AE22651426346209007B4B71 /* Newspaper.swift in Sources */ = {isa = PBXBuildFile; fileRef = AE22651326346209007B4B71 /* Newspaper.swift */; };
		AE22651726346320007B4B71 /* NewspaperData.swift in Sources */ = {isa = PBXBuildFile; fileRef = AE22651626346320007B4B71 /* NewspaperData.swift */; };
		AE4CD53C2634A44A0046919B /* NewsViewController.swift in Sources */ = {isa = PBXBuildFile; fileRef = AE4CD53B2634A44A0046919B /* NewsViewController.swift */; };
		AE5DA252281EF7E3008FA0DA /* Recipe.swift in Sources */ = {isa = PBXBuildFile; fileRef = AE5DA251281EF7E3008FA0DA /* Recipe.swift */; };
		AE5DA254281EFADB008FA0DA /* Ingredient.swift in Sources */ = {isa = PBXBuildFile; fileRef = AE5DA253281EFADB008FA0DA /* Ingredient.swift */; };
		AE5DA256281EFB94008FA0DA /* Instruction.swift in Sources */ = {isa = PBXBuildFile; fileRef = AE5DA255281EFB94008FA0DA /* Instruction.swift */; };
		AE5DA25A281EFC03008FA0DA /* Comment.swift in Sources */ = {isa = PBXBuildFile; fileRef = AE5DA259281EFC03008FA0DA /* Comment.swift */; };
		AE5DA25C281EFC33008FA0DA /* Like.swift in Sources */ = {isa = PBXBuildFile; fileRef = AE5DA25B281EFC33008FA0DA /* Like.swift */; };
		AE5DA25E281EFC51008FA0DA /* Tag.swift in Sources */ = {isa = PBXBuildFile; fileRef = AE5DA25D281EFC51008FA0DA /* Tag.swift */; };
		AE5DA260281EFC95008FA0DA /* MealPlan.swift in Sources */ = {isa = PBXBuildFile; fileRef = AE5DA25F281EFC95008FA0DA /* MealPlan.swift */; };
		AE5DA264281F1A41008FA0DA /* CookBookViewController.swift in Sources */ = {isa = PBXBuildFile; fileRef = AE5DA263281F1A41008FA0DA /* CookBookViewController.swift */; };
		AE5DA266281F22FB008FA0DA /* HomeViewController.swift in Sources */ = {isa = PBXBuildFile; fileRef = AE5DA265281F22FB008FA0DA /* HomeViewController.swift */; };
		AE5DA268281F2961008FA0DA /* CreateRecipeStepOneViewController.swift in Sources */ = {isa = PBXBuildFile; fileRef = AE5DA267281F2961008FA0DA /* CreateRecipeStepOneViewController.swift */; };
		AE5DA26A281F35FE008FA0DA /* CreateRecipeStepTwoViewController.swift in Sources */ = {isa = PBXBuildFile; fileRef = AE5DA269281F35FD008FA0DA /* CreateRecipeStepTwoViewController.swift */; };
		AE5DA26C281F5A8B008FA0DA /* CreateRecipeStepThreeViewController.swift in Sources */ = {isa = PBXBuildFile; fileRef = AE5DA26B281F5A8A008FA0DA /* CreateRecipeStepThreeViewController.swift */; };
		AE5DA26E281F5FD4008FA0DA /* AddIngredientViewController.swift in Sources */ = {isa = PBXBuildFile; fileRef = AE5DA26D281F5FD4008FA0DA /* AddIngredientViewController.swift */; };
		AE5DA270281F67C6008FA0DA /* IngredientTableViewCell.swift in Sources */ = {isa = PBXBuildFile; fileRef = AE5DA26F281F67C6008FA0DA /* IngredientTableViewCell.swift */; };
		AE5DA272281F89E3008FA0DA /* CreateRecipeStepFourViewController.swift in Sources */ = {isa = PBXBuildFile; fileRef = AE5DA271281F89E2008FA0DA /* CreateRecipeStepFourViewController.swift */; };
		AE5DA274281F8E93008FA0DA /* AddInstructionStepViewController.swift in Sources */ = {isa = PBXBuildFile; fileRef = AE5DA273281F8E93008FA0DA /* AddInstructionStepViewController.swift */; };
		AE5DA278281F92D0008FA0DA /* StepTableViewCell.swift in Sources */ = {isa = PBXBuildFile; fileRef = AE5DA277281F92D0008FA0DA /* StepTableViewCell.swift */; };
		AE5DA27A281FD632008FA0DA /* MyRecipesViewController.swift in Sources */ = {isa = PBXBuildFile; fileRef = AE5DA279281FD631008FA0DA /* MyRecipesViewController.swift */; };
		AE5DA27E282039F0008FA0DA /* RecipeTableViewCell.swift in Sources */ = {isa = PBXBuildFile; fileRef = AE5DA27D282039F0008FA0DA /* RecipeTableViewCell.swift */; };
		AE7193472630D3F90064D59E /* SelectMealPlans.swift in Sources */ = {isa = PBXBuildFile; fileRef = AE7193462630D3F90064D59E /* SelectMealPlans.swift */; };
		AE7C729426264D2F00889E2A /* AppDelegate.swift in Sources */ = {isa = PBXBuildFile; fileRef = AE7C729326264D2F00889E2A /* AppDelegate.swift */; };
		AE7C729626264D2F00889E2A /* SceneDelegate.swift in Sources */ = {isa = PBXBuildFile; fileRef = AE7C729526264D2F00889E2A /* SceneDelegate.swift */; };
		AE7C729B26264D2F00889E2A /* Main.storyboard in Resources */ = {isa = PBXBuildFile; fileRef = AE7C729926264D2F00889E2A /* Main.storyboard */; };
		AE7C729D26264D3400889E2A /* Assets.xcassets in Resources */ = {isa = PBXBuildFile; fileRef = AE7C729C26264D3400889E2A /* Assets.xcassets */; };
		AE7C72A026264D3400889E2A /* LaunchScreen.storyboard in Resources */ = {isa = PBXBuildFile; fileRef = AE7C729E26264D3400889E2A /* LaunchScreen.storyboard */; };
		AE7C72B42627239600889E2A /* RecipesData.swift in Sources */ = {isa = PBXBuildFile; fileRef = AE7C72B32627239600889E2A /* RecipesData.swift */; };
		AE7C72B72627997700889E2A /* Constants.swift in Sources */ = {isa = PBXBuildFile; fileRef = AE7C72B62627997600889E2A /* Constants.swift */; };
		AE7C72BF2627B37500889E2A /* RecipeCell.swift in Sources */ = {isa = PBXBuildFile; fileRef = AE7C72BD2627B37500889E2A /* RecipeCell.swift */; };
		AE7C72C02627B37500889E2A /* RecipeCell.xib in Resources */ = {isa = PBXBuildFile; fileRef = AE7C72BE2627B37500889E2A /* RecipeCell.xib */; };
		AE97F211281DB8CB000831E6 /* User.swift in Sources */ = {isa = PBXBuildFile; fileRef = AE97F210281DB8CB000831E6 /* User.swift */; };
		AE97F213281DCE1F000831E6 /* RegisterUserViewController.swift in Sources */ = {isa = PBXBuildFile; fileRef = AE97F212281DCE1E000831E6 /* RegisterUserViewController.swift */; };
		AE97F215281E0C38000831E6 /* ProfileViewController.swift in Sources */ = {isa = PBXBuildFile; fileRef = AE97F214281E0C38000831E6 /* ProfileViewController.swift */; };
		EF7A62EBDFA6B7D1BE40A3C0 /* Pods_CookSmart.framework in Frameworks */ = {isa = PBXBuildFile; fileRef = 308C5827B6B91A8AB92691ED /* Pods_CookSmart.framework */; };
/* End PBXBuildFile section */

/* Begin PBXFileReference section */
		308C5827B6B91A8AB92691ED /* Pods_CookSmart.framework */ = {isa = PBXFileReference; explicitFileType = wrapper.framework; includeInIndex = 0; path = Pods_CookSmart.framework; sourceTree = BUILT_PRODUCTS_DIR; };
		49B09C28641E6DDC4A9C2399 /* Pods-CookSmart.debug.xcconfig */ = {isa = PBXFileReference; includeInIndex = 1; lastKnownFileType = text.xcconfig; name = "Pods-CookSmart.debug.xcconfig"; path = "Target Support Files/Pods-CookSmart/Pods-CookSmart.debug.xcconfig"; sourceTree = "<group>"; };
		AE09B4E0262FCC880065F9FF /* ConfigureMealPlan.swift */ = {isa = PBXFileReference; lastKnownFileType = sourcecode.swift; path = ConfigureMealPlan.swift; sourceTree = "<group>"; };
		AE13E1C6281D8B6E00485A0A /* SignInViewController.swift */ = {isa = PBXFileReference; lastKnownFileType = sourcecode.swift; path = SignInViewController.swift; sourceTree = "<group>"; };
		AE13E1C9281D938800485A0A /* NetworkService.swift */ = {isa = PBXFileReference; lastKnownFileType = sourcecode.swift; path = NetworkService.swift; sourceTree = "<group>"; };
		AE2264EA2631CF99007B4B71 /* CombinationsData.swift */ = {isa = PBXFileReference; lastKnownFileType = sourcecode.swift; path = CombinationsData.swift; sourceTree = "<group>"; };
		AE2264EF263234F7007B4B71 /* MealPlanCell.swift */ = {isa = PBXFileReference; lastKnownFileType = sourcecode.swift; path = MealPlanCell.swift; sourceTree = "<group>"; };
		AE2264F0263234F7007B4B71 /* MealPlanCell.xib */ = {isa = PBXFileReference; lastKnownFileType = file.xib; path = MealPlanCell.xib; sourceTree = "<group>"; };
		AE2264F726329945007B4B71 /* SavedMealPlanCell.swift */ = {isa = PBXFileReference; lastKnownFileType = sourcecode.swift; path = SavedMealPlanCell.swift; sourceTree = "<group>"; };
		AE2264F826329945007B4B71 /* SavedMealPlanCell.xib */ = {isa = PBXFileReference; lastKnownFileType = file.xib; path = SavedMealPlanCell.xib; sourceTree = "<group>"; };
		AE22650326338842007B4B71 /* MealCell.swift */ = {isa = PBXFileReference; lastKnownFileType = sourcecode.swift; path = MealCell.swift; sourceTree = "<group>"; };
		AE22650426338842007B4B71 /* MealCell.xib */ = {isa = PBXFileReference; lastKnownFileType = file.xib; path = MealCell.xib; sourceTree = "<group>"; };
		AE22650B26345A72007B4B71 /* NewspaperCell.swift */ = {isa = PBXFileReference; lastKnownFileType = sourcecode.swift; path = NewspaperCell.swift; sourceTree = "<group>"; };
		AE22650C26345A72007B4B71 /* NewspaperCell.xib */ = {isa = PBXFileReference; lastKnownFileType = file.xib; path = NewspaperCell.xib; sourceTree = "<group>"; };
		AE22651026345F5A007B4B71 /* NewspaperViewController.swift */ = {isa = PBXFileReference; lastKnownFileType = sourcecode.swift; path = NewspaperViewController.swift; sourceTree = "<group>"; };
		AE22651326346209007B4B71 /* Newspaper.swift */ = {isa = PBXFileReference; lastKnownFileType = sourcecode.swift; path = Newspaper.swift; sourceTree = "<group>"; };
		AE22651626346320007B4B71 /* NewspaperData.swift */ = {isa = PBXFileReference; lastKnownFileType = sourcecode.swift; path = NewspaperData.swift; sourceTree = "<group>"; };
		AE4CD53B2634A44A0046919B /* NewsViewController.swift */ = {isa = PBXFileReference; lastKnownFileType = sourcecode.swift; path = NewsViewController.swift; sourceTree = "<group>"; };
		AE5DA251281EF7E3008FA0DA /* Recipe.swift */ = {isa = PBXFileReference; lastKnownFileType = sourcecode.swift; path = Recipe.swift; sourceTree = "<group>"; };
		AE5DA253281EFADB008FA0DA /* Ingredient.swift */ = {isa = PBXFileReference; lastKnownFileType = sourcecode.swift; path = Ingredient.swift; sourceTree = "<group>"; };
		AE5DA255281EFB94008FA0DA /* Instruction.swift */ = {isa = PBXFileReference; lastKnownFileType = sourcecode.swift; path = Instruction.swift; sourceTree = "<group>"; };
		AE5DA259281EFC03008FA0DA /* Comment.swift */ = {isa = PBXFileReference; lastKnownFileType = sourcecode.swift; path = Comment.swift; sourceTree = "<group>"; };
		AE5DA25B281EFC33008FA0DA /* Like.swift */ = {isa = PBXFileReference; lastKnownFileType = sourcecode.swift; path = Like.swift; sourceTree = "<group>"; };
		AE5DA25D281EFC51008FA0DA /* Tag.swift */ = {isa = PBXFileReference; lastKnownFileType = sourcecode.swift; path = Tag.swift; sourceTree = "<group>"; };
		AE5DA25F281EFC95008FA0DA /* MealPlan.swift */ = {isa = PBXFileReference; lastKnownFileType = sourcecode.swift; path = MealPlan.swift; sourceTree = "<group>"; };
		AE5DA263281F1A41008FA0DA /* CookBookViewController.swift */ = {isa = PBXFileReference; lastKnownFileType = sourcecode.swift; path = CookBookViewController.swift; sourceTree = "<group>"; };
		AE5DA265281F22FB008FA0DA /* HomeViewController.swift */ = {isa = PBXFileReference; lastKnownFileType = sourcecode.swift; path = HomeViewController.swift; sourceTree = "<group>"; };
		AE5DA267281F2961008FA0DA /* CreateRecipeStepOneViewController.swift */ = {isa = PBXFileReference; lastKnownFileType = sourcecode.swift; path = CreateRecipeStepOneViewController.swift; sourceTree = "<group>"; };
		AE5DA269281F35FD008FA0DA /* CreateRecipeStepTwoViewController.swift */ = {isa = PBXFileReference; lastKnownFileType = sourcecode.swift; path = CreateRecipeStepTwoViewController.swift; sourceTree = "<group>"; };
		AE5DA26B281F5A8A008FA0DA /* CreateRecipeStepThreeViewController.swift */ = {isa = PBXFileReference; lastKnownFileType = sourcecode.swift; path = CreateRecipeStepThreeViewController.swift; sourceTree = "<group>"; };
		AE5DA26D281F5FD4008FA0DA /* AddIngredientViewController.swift */ = {isa = PBXFileReference; lastKnownFileType = sourcecode.swift; path = AddIngredientViewController.swift; sourceTree = "<group>"; };
		AE5DA26F281F67C6008FA0DA /* IngredientTableViewCell.swift */ = {isa = PBXFileReference; lastKnownFileType = sourcecode.swift; path = IngredientTableViewCell.swift; sourceTree = "<group>"; };
		AE5DA271281F89E2008FA0DA /* CreateRecipeStepFourViewController.swift */ = {isa = PBXFileReference; lastKnownFileType = sourcecode.swift; path = CreateRecipeStepFourViewController.swift; sourceTree = "<group>"; };
		AE5DA273281F8E93008FA0DA /* AddInstructionStepViewController.swift */ = {isa = PBXFileReference; lastKnownFileType = sourcecode.swift; path = AddInstructionStepViewController.swift; sourceTree = "<group>"; };
		AE5DA277281F92D0008FA0DA /* StepTableViewCell.swift */ = {isa = PBXFileReference; lastKnownFileType = sourcecode.swift; path = StepTableViewCell.swift; sourceTree = "<group>"; };
		AE5DA279281FD631008FA0DA /* MyRecipesViewController.swift */ = {isa = PBXFileReference; lastKnownFileType = sourcecode.swift; path = MyRecipesViewController.swift; sourceTree = "<group>"; };
		AE5DA27D282039F0008FA0DA /* RecipeTableViewCell.swift */ = {isa = PBXFileReference; lastKnownFileType = sourcecode.swift; path = RecipeTableViewCell.swift; sourceTree = "<group>"; };
		AE7193462630D3F90064D59E /* SelectMealPlans.swift */ = {isa = PBXFileReference; lastKnownFileType = sourcecode.swift; path = SelectMealPlans.swift; sourceTree = "<group>"; };
		AE7C729026264D2F00889E2A /* CookSmart.app */ = {isa = PBXFileReference; explicitFileType = wrapper.application; includeInIndex = 0; path = CookSmart.app; sourceTree = BUILT_PRODUCTS_DIR; };
		AE7C729326264D2F00889E2A /* AppDelegate.swift */ = {isa = PBXFileReference; lastKnownFileType = sourcecode.swift; path = AppDelegate.swift; sourceTree = "<group>"; };
		AE7C729526264D2F00889E2A /* SceneDelegate.swift */ = {isa = PBXFileReference; lastKnownFileType = sourcecode.swift; path = SceneDelegate.swift; sourceTree = "<group>"; };
		AE7C729A26264D2F00889E2A /* Base */ = {isa = PBXFileReference; lastKnownFileType = file.storyboard; name = Base; path = Base.lproj/Main.storyboard; sourceTree = "<group>"; };
		AE7C729C26264D3400889E2A /* Assets.xcassets */ = {isa = PBXFileReference; lastKnownFileType = folder.assetcatalog; path = Assets.xcassets; sourceTree = "<group>"; };
		AE7C729F26264D3400889E2A /* Base */ = {isa = PBXFileReference; lastKnownFileType = file.storyboard; name = Base; path = Base.lproj/LaunchScreen.storyboard; sourceTree = "<group>"; };
		AE7C72A126264D3400889E2A /* Info.plist */ = {isa = PBXFileReference; lastKnownFileType = text.plist.xml; path = Info.plist; sourceTree = "<group>"; };
		AE7C72B32627239600889E2A /* RecipesData.swift */ = {isa = PBXFileReference; lastKnownFileType = sourcecode.swift; path = RecipesData.swift; sourceTree = "<group>"; };
		AE7C72B62627997600889E2A /* Constants.swift */ = {isa = PBXFileReference; lastKnownFileType = sourcecode.swift; path = Constants.swift; sourceTree = "<group>"; };
		AE7C72BD2627B37500889E2A /* RecipeCell.swift */ = {isa = PBXFileReference; lastKnownFileType = sourcecode.swift; path = RecipeCell.swift; sourceTree = "<group>"; };
		AE7C72BE2627B37500889E2A /* RecipeCell.xib */ = {isa = PBXFileReference; lastKnownFileType = file.xib; path = RecipeCell.xib; sourceTree = "<group>"; };
		AE97F210281DB8CB000831E6 /* User.swift */ = {isa = PBXFileReference; lastKnownFileType = sourcecode.swift; path = User.swift; sourceTree = "<group>"; };
		AE97F212281DCE1E000831E6 /* RegisterUserViewController.swift */ = {isa = PBXFileReference; lastKnownFileType = sourcecode.swift; path = RegisterUserViewController.swift; sourceTree = "<group>"; };
		AE97F214281E0C38000831E6 /* ProfileViewController.swift */ = {isa = PBXFileReference; lastKnownFileType = sourcecode.swift; path = ProfileViewController.swift; sourceTree = "<group>"; };
		B5255E37BF561A51322A9724 /* Pods-CookSmart.release.xcconfig */ = {isa = PBXFileReference; includeInIndex = 1; lastKnownFileType = text.xcconfig; name = "Pods-CookSmart.release.xcconfig"; path = "Target Support Files/Pods-CookSmart/Pods-CookSmart.release.xcconfig"; sourceTree = "<group>"; };
/* End PBXFileReference section */

/* Begin PBXFrameworksBuildPhase section */
		AE7C728D26264D2F00889E2A /* Frameworks */ = {
			isa = PBXFrameworksBuildPhase;
			buildActionMask = 2147483647;
			files = (
				EF7A62EBDFA6B7D1BE40A3C0 /* Pods_CookSmart.framework in Frameworks */,
			);
			runOnlyForDeploymentPostprocessing = 0;
		};
/* End PBXFrameworksBuildPhase section */

/* Begin PBXGroup section */
		2AC17C0E8EF3ABA53CDBC16A /* Pods */ = {
			isa = PBXGroup;
			children = (
				49B09C28641E6DDC4A9C2399 /* Pods-CookSmart.debug.xcconfig */,
				B5255E37BF561A51322A9724 /* Pods-CookSmart.release.xcconfig */,
			);
			path = Pods;
			sourceTree = "<group>";
		};
		9571D53905E74D15F1AB074C /* Frameworks */ = {
			isa = PBXGroup;
			children = (
				308C5827B6B91A8AB92691ED /* Pods_CookSmart.framework */,
			);
			name = Frameworks;
			sourceTree = "<group>";
		};
		AE13E1C8281D937000485A0A /* Networking */ = {
			isa = PBXGroup;
			children = (
				AE13E1C9281D938800485A0A /* NetworkService.swift */,
			);
			path = Networking;
			sourceTree = "<group>";
		};
		AE7C728726264D2F00889E2A = {
			isa = PBXGroup;
			children = (
				AE7C729226264D2F00889E2A /* CookSmart */,
				AE7C729126264D2F00889E2A /* Products */,
				2AC17C0E8EF3ABA53CDBC16A /* Pods */,
				9571D53905E74D15F1AB074C /* Frameworks */,
			);
			sourceTree = "<group>";
		};
		AE7C729126264D2F00889E2A /* Products */ = {
			isa = PBXGroup;
			children = (
				AE7C729026264D2F00889E2A /* CookSmart.app */,
			);
			name = Products;
			sourceTree = "<group>";
		};
		AE7C729226264D2F00889E2A /* CookSmart */ = {
			isa = PBXGroup;
			children = (
				AE13E1C8281D937000485A0A /* Networking */,
				AE7C729326264D2F00889E2A /* AppDelegate.swift */,
				AE7C729526264D2F00889E2A /* SceneDelegate.swift */,
				AE7C72A82626535900889E2A /* Models */,
				AE7C72A92626536000889E2A /* Views */,
				AE7C72AA2626537900889E2A /* Controllers */,
				AE7C72B62627997600889E2A /* Constants.swift */,
				AE7C729C26264D3400889E2A /* Assets.xcassets */,
				AE7C729E26264D3400889E2A /* LaunchScreen.storyboard */,
				AE7C72A126264D3400889E2A /* Info.plist */,
			);
			path = CookSmart;
			sourceTree = "<group>";
		};
		AE7C72A82626535900889E2A /* Models */ = {
			isa = PBXGroup;
			children = (
				AE7C72B32627239600889E2A /* RecipesData.swift */,
				AE09B4E0262FCC880065F9FF /* ConfigureMealPlan.swift */,
				AE7193462630D3F90064D59E /* SelectMealPlans.swift */,
				AE2264EA2631CF99007B4B71 /* CombinationsData.swift */,
				AE22651326346209007B4B71 /* Newspaper.swift */,
				AE22651626346320007B4B71 /* NewspaperData.swift */,
				AE97F210281DB8CB000831E6 /* User.swift */,
				AE5DA251281EF7E3008FA0DA /* Recipe.swift */,
				AE5DA25F281EFC95008FA0DA /* MealPlan.swift */,
				AE5DA253281EFADB008FA0DA /* Ingredient.swift */,
				AE5DA255281EFB94008FA0DA /* Instruction.swift */,
				AE5DA259281EFC03008FA0DA /* Comment.swift */,
				AE5DA25B281EFC33008FA0DA /* Like.swift */,
				AE5DA25D281EFC51008FA0DA /* Tag.swift */,
			);
			path = Models;
			sourceTree = "<group>";
		};
		AE7C72A92626536000889E2A /* Views */ = {
			isa = PBXGroup;
			children = (
				AE7C729926264D2F00889E2A /* Main.storyboard */,
				AE5DA277281F92D0008FA0DA /* StepTableViewCell.swift */,
				AE22650326338842007B4B71 /* MealCell.swift */,
				AE22650426338842007B4B71 /* MealCell.xib */,
				AE7C72BD2627B37500889E2A /* RecipeCell.swift */,
				AE7C72BE2627B37500889E2A /* RecipeCell.xib */,
				AE2264EF263234F7007B4B71 /* MealPlanCell.swift */,
				AE2264F0263234F7007B4B71 /* MealPlanCell.xib */,
				AE2264F726329945007B4B71 /* SavedMealPlanCell.swift */,
				AE2264F826329945007B4B71 /* SavedMealPlanCell.xib */,
				AE22650B26345A72007B4B71 /* NewspaperCell.swift */,
				AE22650C26345A72007B4B71 /* NewspaperCell.xib */,
				AE5DA26F281F67C6008FA0DA /* IngredientTableViewCell.swift */,
				AE5DA27D282039F0008FA0DA /* RecipeTableViewCell.swift */,
			);
			path = Views;
			sourceTree = "<group>";
		};
		AE7C72AA2626537900889E2A /* Controllers */ = {
			isa = PBXGroup;
			children = (
				AE22651026345F5A007B4B71 /* NewspaperViewController.swift */,
				AE4CD53B2634A44A0046919B /* NewsViewController.swift */,
				AE13E1C6281D8B6E00485A0A /* SignInViewController.swift */,
				AE97F212281DCE1E000831E6 /* RegisterUserViewController.swift */,
				AE97F214281E0C38000831E6 /* ProfileViewController.swift */,
				AE5DA263281F1A41008FA0DA /* CookBookViewController.swift */,
				AE5DA265281F22FB008FA0DA /* HomeViewController.swift */,
				AE5DA267281F2961008FA0DA /* CreateRecipeStepOneViewController.swift */,
				AE5DA269281F35FD008FA0DA /* CreateRecipeStepTwoViewController.swift */,
				AE5DA26B281F5A8A008FA0DA /* CreateRecipeStepThreeViewController.swift */,
				AE5DA26D281F5FD4008FA0DA /* AddIngredientViewController.swift */,
				AE5DA271281F89E2008FA0DA /* CreateRecipeStepFourViewController.swift */,
				AE5DA273281F8E93008FA0DA /* AddInstructionStepViewController.swift */,
				AE5DA279281FD631008FA0DA /* MyRecipesViewController.swift */,
			);
			path = Controllers;
			sourceTree = "<group>";
		};
/* End PBXGroup section */

/* Begin PBXNativeTarget section */
		AE7C728F26264D2F00889E2A /* CookSmart */ = {
			isa = PBXNativeTarget;
			buildConfigurationList = AE7C72A426264D3400889E2A /* Build configuration list for PBXNativeTarget "CookSmart" */;
			buildPhases = (
				5E23F81DA3E1DE276D9027CB /* [CP] Check Pods Manifest.lock */,
				AE7C728C26264D2F00889E2A /* Sources */,
				AE7C728D26264D2F00889E2A /* Frameworks */,
				AE7C728E26264D2F00889E2A /* Resources */,
				2A18F9904E12A2C54FA11B1F /* [CP] Embed Pods Frameworks */,
			);
			buildRules = (
			);
			dependencies = (
			);
			name = CookSmart;
			productName = CookSmart;
			productReference = AE7C729026264D2F00889E2A /* CookSmart.app */;
			productType = "com.apple.product-type.application";
		};
/* End PBXNativeTarget section */

/* Begin PBXProject section */
		AE7C728826264D2F00889E2A /* Project object */ = {
			isa = PBXProject;
			attributes = {
				LastSwiftUpdateCheck = 1240;
				LastUpgradeCheck = 1240;
				TargetAttributes = {
					AE7C728F26264D2F00889E2A = {
						CreatedOnToolsVersion = 12.4;
					};
				};
			};
			buildConfigurationList = AE7C728B26264D2F00889E2A /* Build configuration list for PBXProject "CookSmart" */;
			compatibilityVersion = "Xcode 9.3";
			developmentRegion = en;
			hasScannedForEncodings = 0;
			knownRegions = (
				en,
				Base,
			);
			mainGroup = AE7C728726264D2F00889E2A;
			productRefGroup = AE7C729126264D2F00889E2A /* Products */;
			projectDirPath = "";
			projectRoot = "";
			targets = (
				AE7C728F26264D2F00889E2A /* CookSmart */,
			);
		};
/* End PBXProject section */

/* Begin PBXResourcesBuildPhase section */
		AE7C728E26264D2F00889E2A /* Resources */ = {
			isa = PBXResourcesBuildPhase;
			buildActionMask = 2147483647;
			files = (
				AE2264F2263234F7007B4B71 /* MealPlanCell.xib in Resources */,
				AE7C72A026264D3400889E2A /* LaunchScreen.storyboard in Resources */,
				AE22650626338842007B4B71 /* MealCell.xib in Resources */,
				AE7C729D26264D3400889E2A /* Assets.xcassets in Resources */,
				AE2264FA26329946007B4B71 /* SavedMealPlanCell.xib in Resources */,
				AE7C729B26264D2F00889E2A /* Main.storyboard in Resources */,
				AE7C72C02627B37500889E2A /* RecipeCell.xib in Resources */,
				AE22650E26345A73007B4B71 /* NewspaperCell.xib in Resources */,
			);
			runOnlyForDeploymentPostprocessing = 0;
		};
/* End PBXResourcesBuildPhase section */

/* Begin PBXShellScriptBuildPhase section */
		2A18F9904E12A2C54FA11B1F /* [CP] Embed Pods Frameworks */ = {
			isa = PBXShellScriptBuildPhase;
			buildActionMask = 2147483647;
			files = (
			);
			inputFileListPaths = (
				"${PODS_ROOT}/Target Support Files/Pods-CookSmart/Pods-CookSmart-frameworks-${CONFIGURATION}-input-files.xcfilelist",
			);
			name = "[CP] Embed Pods Frameworks";
			outputFileListPaths = (
				"${PODS_ROOT}/Target Support Files/Pods-CookSmart/Pods-CookSmart-frameworks-${CONFIGURATION}-output-files.xcfilelist",
			);
			runOnlyForDeploymentPostprocessing = 0;
			shellPath = /bin/sh;
			shellScript = "\"${PODS_ROOT}/Target Support Files/Pods-CookSmart/Pods-CookSmart-frameworks.sh\"\n";
			showEnvVarsInLog = 0;
		};
		5E23F81DA3E1DE276D9027CB /* [CP] Check Pods Manifest.lock */ = {
			isa = PBXShellScriptBuildPhase;
			buildActionMask = 2147483647;
			files = (
			);
			inputFileListPaths = (
			);
			inputPaths = (
				"${PODS_PODFILE_DIR_PATH}/Podfile.lock",
				"${PODS_ROOT}/Manifest.lock",
			);
			name = "[CP] Check Pods Manifest.lock";
			outputFileListPaths = (
			);
			outputPaths = (
				"$(DERIVED_FILE_DIR)/Pods-CookSmart-checkManifestLockResult.txt",
			);
			runOnlyForDeploymentPostprocessing = 0;
			shellPath = /bin/sh;
			shellScript = "diff \"${PODS_PODFILE_DIR_PATH}/Podfile.lock\" \"${PODS_ROOT}/Manifest.lock\" > /dev/null\nif [ $? != 0 ] ; then\n    # print error to STDERR\n    echo \"error: The sandbox is not in sync with the Podfile.lock. Run 'pod install' or update your CocoaPods installation.\" >&2\n    exit 1\nfi\n# This output is used by Xcode 'outputs' to avoid re-running this script phase.\necho \"SUCCESS\" > \"${SCRIPT_OUTPUT_FILE_0}\"\n";
			showEnvVarsInLog = 0;
		};
/* End PBXShellScriptBuildPhase section */

/* Begin PBXSourcesBuildPhase section */
		AE7C728C26264D2F00889E2A /* Sources */ = {
			isa = PBXSourcesBuildPhase;
			buildActionMask = 2147483647;
			files = (
				AE7C72B42627239600889E2A /* RecipesData.swift in Sources */,
				AE22650526338842007B4B71 /* MealCell.swift in Sources */,
				AE5DA266281F22FB008FA0DA /* HomeViewController.swift in Sources */,
				AE7C72BF2627B37500889E2A /* RecipeCell.swift in Sources */,
				AE7193472630D3F90064D59E /* SelectMealPlans.swift in Sources */,
				AE7C729426264D2F00889E2A /* AppDelegate.swift in Sources */,
				AE22651126345F5A007B4B71 /* NewspaperViewController.swift in Sources */,
				AE97F211281DB8CB000831E6 /* User.swift in Sources */,
				AE5DA264281F1A41008FA0DA /* CookBookViewController.swift in Sources */,
				AE4CD53C2634A44A0046919B /* NewsViewController.swift in Sources */,
				AE5DA26E281F5FD4008FA0DA /* AddIngredientViewController.swift in Sources */,
				AE5DA268281F2961008FA0DA /* CreateRecipeStepOneViewController.swift in Sources */,
				AE2264EB2631CF9A007B4B71 /* CombinationsData.swift in Sources */,
				AE7C72B72627997700889E2A /* Constants.swift in Sources */,
				AE13E1CA281D938800485A0A /* NetworkService.swift in Sources */,
				AE5DA254281EFADB008FA0DA /* Ingredient.swift in Sources */,
				AE7C729626264D2F00889E2A /* SceneDelegate.swift in Sources */,
				AE5DA278281F92D0008FA0DA /* StepTableViewCell.swift in Sources */,
				AE13E1C7281D8B6E00485A0A /* SignInViewController.swift in Sources */,
				AE5DA25C281EFC33008FA0DA /* Like.swift in Sources */,
				AE2264F1263234F7007B4B71 /* MealPlanCell.swift in Sources */,
				AE97F213281DCE1F000831E6 /* RegisterUserViewController.swift in Sources */,
				AE22650D26345A73007B4B71 /* NewspaperCell.swift in Sources */,
				AE5DA252281EF7E3008FA0DA /* Recipe.swift in Sources */,
				AE5DA26A281F35FE008FA0DA /* CreateRecipeStepTwoViewController.swift in Sources */,
				AE5DA260281EFC95008FA0DA /* MealPlan.swift in Sources */,
				AE22651426346209007B4B71 /* Newspaper.swift in Sources */,
				AE5DA274281F8E93008FA0DA /* AddInstructionStepViewController.swift in Sources */,
				AE5DA272281F89E3008FA0DA /* CreateRecipeStepFourViewController.swift in Sources */,
				AE09B4E1262FCC880065F9FF /* ConfigureMealPlan.swift in Sources */,
				AE5DA25A281EFC03008FA0DA /* Comment.swift in Sources */,
				AE5DA27E282039F0008FA0DA /* RecipeTableViewCell.swift in Sources */,
				AE22651726346320007B4B71 /* NewspaperData.swift in Sources */,
				AE5DA25E281EFC51008FA0DA /* Tag.swift in Sources */,
				AE5DA27A281FD632008FA0DA /* MyRecipesViewController.swift in Sources */,
				AE5DA270281F67C6008FA0DA /* IngredientTableViewCell.swift in Sources */,
				AE97F215281E0C38000831E6 /* ProfileViewController.swift in Sources */,
				AE5DA256281EFB94008FA0DA /* Instruction.swift in Sources */,
				AE2264F926329946007B4B71 /* SavedMealPlanCell.swift in Sources */,
				AE5DA26C281F5A8B008FA0DA /* CreateRecipeStepThreeViewController.swift in Sources */,
			);
			runOnlyForDeploymentPostprocessing = 0;
		};
/* End PBXSourcesBuildPhase section */

/* Begin PBXVariantGroup section */
		AE7C729926264D2F00889E2A /* Main.storyboard */ = {
			isa = PBXVariantGroup;
			children = (
				AE7C729A26264D2F00889E2A /* Base */,
			);
			name = Main.storyboard;
			sourceTree = "<group>";
		};
		AE7C729E26264D3400889E2A /* LaunchScreen.storyboard */ = {
			isa = PBXVariantGroup;
			children = (
				AE7C729F26264D3400889E2A /* Base */,
			);
			name = LaunchScreen.storyboard;
			sourceTree = "<group>";
		};
/* End PBXVariantGroup section */

/* Begin XCBuildConfiguration section */
		AE7C72A226264D3400889E2A /* Debug */ = {
			isa = XCBuildConfiguration;
			buildSettings = {
				ALWAYS_SEARCH_USER_PATHS = NO;
				CLANG_ANALYZER_NONNULL = YES;
				CLANG_ANALYZER_NUMBER_OBJECT_CONVERSION = YES_AGGRESSIVE;
				CLANG_CXX_LANGUAGE_STANDARD = "gnu++14";
				CLANG_CXX_LIBRARY = "libc++";
				CLANG_ENABLE_MODULES = YES;
				CLANG_ENABLE_OBJC_ARC = YES;
				CLANG_ENABLE_OBJC_WEAK = YES;
				CLANG_WARN_BLOCK_CAPTURE_AUTORELEASING = YES;
				CLANG_WARN_BOOL_CONVERSION = YES;
				CLANG_WARN_COMMA = YES;
				CLANG_WARN_CONSTANT_CONVERSION = YES;
				CLANG_WARN_DEPRECATED_OBJC_IMPLEMENTATIONS = YES;
				CLANG_WARN_DIRECT_OBJC_ISA_USAGE = YES_ERROR;
				CLANG_WARN_DOCUMENTATION_COMMENTS = YES;
				CLANG_WARN_EMPTY_BODY = YES;
				CLANG_WARN_ENUM_CONVERSION = YES;
				CLANG_WARN_INFINITE_RECURSION = YES;
				CLANG_WARN_INT_CONVERSION = YES;
				CLANG_WARN_NON_LITERAL_NULL_CONVERSION = YES;
				CLANG_WARN_OBJC_IMPLICIT_RETAIN_SELF = YES;
				CLANG_WARN_OBJC_LITERAL_CONVERSION = YES;
				CLANG_WARN_OBJC_ROOT_CLASS = YES_ERROR;
				CLANG_WARN_QUOTED_INCLUDE_IN_FRAMEWORK_HEADER = YES;
				CLANG_WARN_RANGE_LOOP_ANALYSIS = YES;
				CLANG_WARN_STRICT_PROTOTYPES = YES;
				CLANG_WARN_SUSPICIOUS_MOVE = YES;
				CLANG_WARN_UNGUARDED_AVAILABILITY = YES_AGGRESSIVE;
				CLANG_WARN_UNREACHABLE_CODE = YES;
				CLANG_WARN__DUPLICATE_METHOD_MATCH = YES;
				COPY_PHASE_STRIP = NO;
				DEBUG_INFORMATION_FORMAT = dwarf;
				ENABLE_STRICT_OBJC_MSGSEND = YES;
				ENABLE_TESTABILITY = YES;
				GCC_C_LANGUAGE_STANDARD = gnu11;
				GCC_DYNAMIC_NO_PIC = NO;
				GCC_NO_COMMON_BLOCKS = YES;
				GCC_OPTIMIZATION_LEVEL = 0;
				GCC_PREPROCESSOR_DEFINITIONS = (
					"DEBUG=1",
					"$(inherited)",
				);
				GCC_WARN_64_TO_32_BIT_CONVERSION = YES;
				GCC_WARN_ABOUT_RETURN_TYPE = YES_ERROR;
				GCC_WARN_UNDECLARED_SELECTOR = YES;
				GCC_WARN_UNINITIALIZED_AUTOS = YES_AGGRESSIVE;
				GCC_WARN_UNUSED_FUNCTION = YES;
				GCC_WARN_UNUSED_VARIABLE = YES;
				IPHONEOS_DEPLOYMENT_TARGET = 14.4;
				MTL_ENABLE_DEBUG_INFO = INCLUDE_SOURCE;
				MTL_FAST_MATH = YES;
				ONLY_ACTIVE_ARCH = YES;
				SDKROOT = iphoneos;
				SWIFT_ACTIVE_COMPILATION_CONDITIONS = DEBUG;
				SWIFT_OPTIMIZATION_LEVEL = "-Onone";
			};
			name = Debug;
		};
		AE7C72A326264D3400889E2A /* Release */ = {
			isa = XCBuildConfiguration;
			buildSettings = {
				ALWAYS_SEARCH_USER_PATHS = NO;
				CLANG_ANALYZER_NONNULL = YES;
				CLANG_ANALYZER_NUMBER_OBJECT_CONVERSION = YES_AGGRESSIVE;
				CLANG_CXX_LANGUAGE_STANDARD = "gnu++14";
				CLANG_CXX_LIBRARY = "libc++";
				CLANG_ENABLE_MODULES = YES;
				CLANG_ENABLE_OBJC_ARC = YES;
				CLANG_ENABLE_OBJC_WEAK = YES;
				CLANG_WARN_BLOCK_CAPTURE_AUTORELEASING = YES;
				CLANG_WARN_BOOL_CONVERSION = YES;
				CLANG_WARN_COMMA = YES;
				CLANG_WARN_CONSTANT_CONVERSION = YES;
				CLANG_WARN_DEPRECATED_OBJC_IMPLEMENTATIONS = YES;
				CLANG_WARN_DIRECT_OBJC_ISA_USAGE = YES_ERROR;
				CLANG_WARN_DOCUMENTATION_COMMENTS = YES;
				CLANG_WARN_EMPTY_BODY = YES;
				CLANG_WARN_ENUM_CONVERSION = YES;
				CLANG_WARN_INFINITE_RECURSION = YES;
				CLANG_WARN_INT_CONVERSION = YES;
				CLANG_WARN_NON_LITERAL_NULL_CONVERSION = YES;
				CLANG_WARN_OBJC_IMPLICIT_RETAIN_SELF = YES;
				CLANG_WARN_OBJC_LITERAL_CONVERSION = YES;
				CLANG_WARN_OBJC_ROOT_CLASS = YES_ERROR;
				CLANG_WARN_QUOTED_INCLUDE_IN_FRAMEWORK_HEADER = YES;
				CLANG_WARN_RANGE_LOOP_ANALYSIS = YES;
				CLANG_WARN_STRICT_PROTOTYPES = YES;
				CLANG_WARN_SUSPICIOUS_MOVE = YES;
				CLANG_WARN_UNGUARDED_AVAILABILITY = YES_AGGRESSIVE;
				CLANG_WARN_UNREACHABLE_CODE = YES;
				CLANG_WARN__DUPLICATE_METHOD_MATCH = YES;
				COPY_PHASE_STRIP = NO;
				DEBUG_INFORMATION_FORMAT = "dwarf-with-dsym";
				ENABLE_NS_ASSERTIONS = NO;
				ENABLE_STRICT_OBJC_MSGSEND = YES;
				GCC_C_LANGUAGE_STANDARD = gnu11;
				GCC_NO_COMMON_BLOCKS = YES;
				GCC_WARN_64_TO_32_BIT_CONVERSION = YES;
				GCC_WARN_ABOUT_RETURN_TYPE = YES_ERROR;
				GCC_WARN_UNDECLARED_SELECTOR = YES;
				GCC_WARN_UNINITIALIZED_AUTOS = YES_AGGRESSIVE;
				GCC_WARN_UNUSED_FUNCTION = YES;
				GCC_WARN_UNUSED_VARIABLE = YES;
				IPHONEOS_DEPLOYMENT_TARGET = 14.4;
				MTL_ENABLE_DEBUG_INFO = NO;
				MTL_FAST_MATH = YES;
				SDKROOT = iphoneos;
				SWIFT_COMPILATION_MODE = wholemodule;
				SWIFT_OPTIMIZATION_LEVEL = "-O";
				VALIDATE_PRODUCT = YES;
			};
			name = Release;
		};
		AE7C72A526264D3400889E2A /* Debug */ = {
			isa = XCBuildConfiguration;
			baseConfigurationReference = 49B09C28641E6DDC4A9C2399 /* Pods-CookSmart.debug.xcconfig */;
			buildSettings = {
				ASSETCATALOG_COMPILER_APPICON_NAME = AppIcon;
				ASSETCATALOG_COMPILER_GLOBAL_ACCENT_COLOR_NAME = AccentColor;
				CODE_SIGN_STYLE = Automatic;
				INFOPLIST_FILE = CookSmart/Info.plist;
				IPHONEOS_DEPLOYMENT_TARGET = 15.2;
				LD_RUNPATH_SEARCH_PATHS = (
					"$(inherited)",
					"@executable_path/Frameworks",
				);
				PRODUCT_BUNDLE_IDENTIFIER = com.piotrobara.CookSmart;
				PRODUCT_NAME = "$(TARGET_NAME)";
				SWIFT_VERSION = 5.0;
				TARGETED_DEVICE_FAMILY = "1,2";
			};
			name = Debug;
		};
		AE7C72A626264D3400889E2A /* Release */ = {
			isa = XCBuildConfiguration;
			baseConfigurationReference = B5255E37BF561A51322A9724 /* Pods-CookSmart.release.xcconfig */;
			buildSettings = {
				ASSETCATALOG_COMPILER_APPICON_NAME = AppIcon;
				ASSETCATALOG_COMPILER_GLOBAL_ACCENT_COLOR_NAME = AccentColor;
				CODE_SIGN_STYLE = Automatic;
				INFOPLIST_FILE = CookSmart/Info.plist;
				IPHONEOS_DEPLOYMENT_TARGET = 15.2;
				LD_RUNPATH_SEARCH_PATHS = (
					"$(inherited)",
					"@executable_path/Frameworks",
				);
				PRODUCT_BUNDLE_IDENTIFIER = com.piotrobara.CookSmart;
				PRODUCT_NAME = "$(TARGET_NAME)";
				SWIFT_VERSION = 5.0;
				TARGETED_DEVICE_FAMILY = "1,2";
			};
			name = Release;
		};
/* End XCBuildConfiguration section */

/* Begin XCConfigurationList section */
		AE7C728B26264D2F00889E2A /* Build configuration list for PBXProject "CookSmart" */ = {
			isa = XCConfigurationList;
			buildConfigurations = (
				AE7C72A226264D3400889E2A /* Debug */,
				AE7C72A326264D3400889E2A /* Release */,
			);
			defaultConfigurationIsVisible = 0;
			defaultConfigurationName = Release;
		};
		AE7C72A426264D3400889E2A /* Build configuration list for PBXNativeTarget "CookSmart" */ = {
			isa = XCConfigurationList;
			buildConfigurations = (
				AE7C72A526264D3400889E2A /* Debug */,
				AE7C72A626264D3400889E2A /* Release */,
			);
			defaultConfigurationIsVisible = 0;
			defaultConfigurationName = Release;
		};
/* End XCConfigurationList section */
	};
	rootObject = AE7C728826264D2F00889E2A /* Project object */;
}
